
Microsoft Visual Studio Solution File, Format Version 12.00
# Visual Studio 2013
VisualStudioVersion = 12.0.21005.1
MinimumVisualStudioVersion = 10.0.40219.1
Project("{FAE04EC0-301F-11D3-BF4B-00C04F79EFBC}") = "Akant", "Akant\Akant.csproj", "{5508E2BD-39F3-43F2-93DE-1617B80A8F99}"
EndProject
Project("{6141683F-8A12-4E36-9623-2EB02B2C2303}") = "Licensor", "Licensor\Licensor.isproj", "{E42B513B-BDEB-4100-BF64-0BA0A60EE43D}"
	ProjectSection(ProjectDependencies) = postProject
		{5508E2BD-39F3-43F2-93DE-1617B80A8F99} = {5508E2BD-39F3-43F2-93DE-1617B80A8F99}
	EndProjectSection
EndProject
# Visual Studio 2012
Project("{FAE04EC0-301F-11D3-BF4B-00C04F79EFBC}") = "Akant", "Akant\Akant.csproj", "{5508E2BD-39F3-43F2-93DE-1617B80A8F99}"
EndProject
Global
	GlobalSection(SolutionConfigurationPlatforms) = preSolution
		CD_ROM|Any CPU = CD_ROM|Any CPU
		CD_ROM|Mixed Platforms = CD_ROM|Mixed Platforms
		CD_ROM|x86 = CD_ROM|x86
		Debug|Any CPU = Debug|Any CPU
		Debug|Mixed Platforms = Debug|Mixed Platforms
		Debug|x86 = Debug|x86
		DVD-5|Any CPU = DVD-5|Any CPU
		DVD-5|Mixed Platforms = DVD-5|Mixed Platforms
		DVD-5|x86 = DVD-5|x86
		Release|Any CPU = Release|Any CPU
		Release|Mixed Platforms = Release|Mixed Platforms
		Release|x86 = Release|x86
		SingleImage|Any CPU = SingleImage|Any CPU
		SingleImage|Mixed Platforms = SingleImage|Mixed Platforms
		SingleImage|x86 = SingleImage|x86
	EndGlobalSection
	GlobalSection(ProjectConfigurationPlatforms) = postSolution
		{5508E2BD-39F3-43F2-93DE-1617B80A8F99}.CD_ROM|Any CPU.ActiveCfg = Release|Any CPU
		{5508E2BD-39F3-43F2-93DE-1617B80A8F99}.CD_ROM|Any CPU.Build.0 = Release|Any CPU
		{5508E2BD-39F3-43F2-93DE-1617B80A8F99}.CD_ROM|Mixed Platforms.ActiveCfg = Debug|Any CPU
		{5508E2BD-39F3-43F2-93DE-1617B80A8F99}.CD_ROM|Mixed Platforms.Build.0 = Debug|Any CPU
		{5508E2BD-39F3-43F2-93DE-1617B80A8F99}.CD_ROM|x86.ActiveCfg = Debug|Any CPU
		{5508E2BD-39F3-43F2-93DE-1617B80A8F99}.Debug|Any CPU.ActiveCfg = Debug|Any CPU
		{5508E2BD-39F3-43F2-93DE-1617B80A8F99}.Debug|Any CPU.Build.0 = Debug|Any CPU
		{5508E2BD-39F3-43F2-93DE-1617B80A8F99}.Debug|Mixed Platforms.ActiveCfg = Debug|Any CPU
		{5508E2BD-39F3-43F2-93DE-1617B80A8F99}.Debug|Mixed Platforms.Build.0 = Debug|Any CPU
		{5508E2BD-39F3-43F2-93DE-1617B80A8F99}.Debug|x86.ActiveCfg = Debug|Any CPU
		{5508E2BD-39F3-43F2-93DE-1617B80A8F99}.DVD-5|Any CPU.ActiveCfg = Debug|Any CPU
		{5508E2BD-39F3-43F2-93DE-1617B80A8F99}.DVD-5|Any CPU.Build.0 = Debug|Any CPU
		{5508E2BD-39F3-43F2-93DE-1617B80A8F99}.DVD-5|Mixed Platforms.ActiveCfg = Debug|Any CPU
		{5508E2BD-39F3-43F2-93DE-1617B80A8F99}.DVD-5|Mixed Platforms.Build.0 = Debug|Any CPU
		{5508E2BD-39F3-43F2-93DE-1617B80A8F99}.DVD-5|x86.ActiveCfg = Debug|Any CPU
		{5508E2BD-39F3-43F2-93DE-1617B80A8F99}.Release|Any CPU.ActiveCfg = Release|Any CPU
		{5508E2BD-39F3-43F2-93DE-1617B80A8F99}.Release|Any CPU.Build.0 = Release|Any CPU
		{5508E2BD-39F3-43F2-93DE-1617B80A8F99}.Release|Mixed Platforms.ActiveCfg = Release|Any CPU
		{5508E2BD-39F3-43F2-93DE-1617B80A8F99}.Release|Mixed Platforms.Build.0 = Release|Any CPU
		{5508E2BD-39F3-43F2-93DE-1617B80A8F99}.Release|x86.ActiveCfg = Release|Any CPU
		{5508E2BD-39F3-43F2-93DE-1617B80A8F99}.SingleImage|Any CPU.ActiveCfg = Release|Any CPU
		{5508E2BD-39F3-43F2-93DE-1617B80A8F99}.SingleImage|Any CPU.Build.0 = Release|Any CPU
		{5508E2BD-39F3-43F2-93DE-1617B80A8F99}.SingleImage|Mixed Platforms.ActiveCfg = Debug|Any CPU
		{5508E2BD-39F3-43F2-93DE-1617B80A8F99}.SingleImage|Mixed Platforms.Build.0 = Debug|Any CPU
		{5508E2BD-39F3-43F2-93DE-1617B80A8F99}.SingleImage|x86.ActiveCfg = Debug|Any CPU
		{E42B513B-BDEB-4100-BF64-0BA0A60EE43D}.CD_ROM|Any CPU.ActiveCfg = CD_ROM
		{E42B513B-BDEB-4100-BF64-0BA0A60EE43D}.CD_ROM|Any CPU.Build.0 = CD_ROM
		{E42B513B-BDEB-4100-BF64-0BA0A60EE43D}.CD_ROM|Mixed Platforms.ActiveCfg = CD_ROM
		{E42B513B-BDEB-4100-BF64-0BA0A60EE43D}.CD_ROM|Mixed Platforms.Build.0 = CD_ROM
		{E42B513B-BDEB-4100-BF64-0BA0A60EE43D}.CD_ROM|x86.ActiveCfg = CD_ROM
		{E42B513B-BDEB-4100-BF64-0BA0A60EE43D}.CD_ROM|x86.Build.0 = CD_ROM
		{E42B513B-BDEB-4100-BF64-0BA0A60EE43D}.Debug|Any CPU.ActiveCfg = DVD-5
		{E42B513B-BDEB-4100-BF64-0BA0A60EE43D}.Debug|Any CPU.Build.0 = DVD-5
		{E42B513B-BDEB-4100-BF64-0BA0A60EE43D}.Debug|Mixed Platforms.ActiveCfg = DVD-5
		{E42B513B-BDEB-4100-BF64-0BA0A60EE43D}.Debug|Mixed Platforms.Build.0 = DVD-5
		{E42B513B-BDEB-4100-BF64-0BA0A60EE43D}.Debug|x86.ActiveCfg = DVD-5
		{E42B513B-BDEB-4100-BF64-0BA0A60EE43D}.Debug|x86.Build.0 = DVD-5
		{E42B513B-BDEB-4100-BF64-0BA0A60EE43D}.DVD-5|Any CPU.ActiveCfg = DVD-5
		{E42B513B-BDEB-4100-BF64-0BA0A60EE43D}.DVD-5|Any CPU.Build.0 = DVD-5
		{E42B513B-BDEB-4100-BF64-0BA0A60EE43D}.DVD-5|Mixed Platforms.ActiveCfg = DVD-5
		{E42B513B-BDEB-4100-BF64-0BA0A60EE43D}.DVD-5|Mixed Platforms.Build.0 = DVD-5
		{E42B513B-BDEB-4100-BF64-0BA0A60EE43D}.DVD-5|x86.ActiveCfg = DVD-5
		{E42B513B-BDEB-4100-BF64-0BA0A60EE43D}.DVD-5|x86.Build.0 = DVD-5
		{E42B513B-BDEB-4100-BF64-0BA0A60EE43D}.Release|Any CPU.ActiveCfg = SingleImage
		{E42B513B-BDEB-4100-BF64-0BA0A60EE43D}.Release|Any CPU.Build.0 = SingleImage
		{E42B513B-BDEB-4100-BF64-0BA0A60EE43D}.Release|Mixed Platforms.ActiveCfg = SingleImage
		{E42B513B-BDEB-4100-BF64-0BA0A60EE43D}.Release|Mixed Platforms.Build.0 = SingleImage
		{E42B513B-BDEB-4100-BF64-0BA0A60EE43D}.Release|x86.ActiveCfg = SingleImage
		{E42B513B-BDEB-4100-BF64-0BA0A60EE43D}.Release|x86.Build.0 = SingleImage
		{E42B513B-BDEB-4100-BF64-0BA0A60EE43D}.SingleImage|Any CPU.ActiveCfg = SingleImage
		{E42B513B-BDEB-4100-BF64-0BA0A60EE43D}.SingleImage|Any CPU.Build.0 = SingleImage
		{E42B513B-BDEB-4100-BF64-0BA0A60EE43D}.SingleImage|Mixed Platforms.ActiveCfg = SingleImage
		{E42B513B-BDEB-4100-BF64-0BA0A60EE43D}.SingleImage|Mixed Platforms.Build.0 = SingleImage
		{E42B513B-BDEB-4100-BF64-0BA0A60EE43D}.SingleImage|x86.ActiveCfg = SingleImage
		{E42B513B-BDEB-4100-BF64-0BA0A60EE43D}.SingleImage|x86.Build.0 = SingleImage
	EndGlobalSection
	GlobalSection(SolutionProperties) = preSolution
		HideSolutionNode = FALSE
	EndGlobalSection
EndGlobal
